
Microsoft Visual Studio Solution File, Format Version 12.00
# Visual Studio Version 16
VisualStudioVersion = 16.0.31019.35
MinimumVisualStudioVersion = 10.0.40219.1
Project("{FAE04EC0-301F-11D3-BF4B-00C04F79EFBC}") = "Api.Gateway", "Api.Gateway\Api.Gateway.csproj", "{6AD97A16-15AD-471A-99CE-FDDA12B2CAE4}"
EndProject
Global
	GlobalSection(SolutionConfigurationPlatforms) = preSolution
		Debug|Any CPU = Debug|Any CPU
		Release|Any CPU = Release|Any CPU
	EndGlobalSection
	GlobalSection(ProjectConfigurationPlatforms) = postSolution
		{6AD97A16-15AD-471A-99CE-FDDA12B2CAE4}.Debug|Any CPU.ActiveCfg = Debug|Any CPU
		{6AD97A16-15AD-471A-99CE-FDDA12B2CAE4}.Debug|Any CPU.Build.0 = Debug|Any CPU
		{6AD97A16-15AD-471A-99CE-FDDA12B2CAE4}.Release|Any CPU.ActiveCfg = Release|Any CPU
		{6AD97A16-15AD-471A-99CE-FDDA12B2CAE4}.Release|Any CPU.Build.0 = Release|Any CPU
	EndGlobalSection
	GlobalSection(SolutionProperties) = preSolution
		HideSolutionNode = FALSE
	EndGlobalSection
	GlobalSection(ExtensibilityGlobals) = postSolution
		SolutionGuid = {1F14ABA9-5668-4725-BF2F-60FAE9E08455}
	EndGlobalSection
EndGlobal
